// !$*UTF8*$!
{
	archiveVersion = 1;
	classes = {
	};
	objectVersion = 56;
	objects = {

/* Begin PBXBuildFile section */
		BE11FA08292975A700D9C803 /* CryptoAppApp.swift in Sources */ = {isa = PBXBuildFile; fileRef = BE11FA07292975A700D9C803 /* CryptoAppApp.swift */; };
		BE11FA0A292975A700D9C803 /* ContentView.swift in Sources */ = {isa = PBXBuildFile; fileRef = BE11FA09292975A700D9C803 /* ContentView.swift */; };
		BE11FA0C292975B200D9C803 /* Assets.xcassets in Resources */ = {isa = PBXBuildFile; fileRef = BE11FA0B292975B200D9C803 /* Assets.xcassets */; };
		BE11FA0F292975B200D9C803 /* Preview Assets.xcassets in Resources */ = {isa = PBXBuildFile; fileRef = BE11FA0E292975B200D9C803 /* Preview Assets.xcassets */; };
		BE11FA17292A18D900D9C803 /* Color.swift in Sources */ = {isa = PBXBuildFile; fileRef = BE11FA16292A18D900D9C803 /* Color.swift */; };
		BE11FA1D292A1BEA00D9C803 /* HomeView.swift in Sources */ = {isa = PBXBuildFile; fileRef = BE11FA1C292A1BEA00D9C803 /* HomeView.swift */; };
		BE11FA20292A1D5200D9C803 /* CircleButtonView.swift in Sources */ = {isa = PBXBuildFile; fileRef = BE11FA1F292A1D5200D9C803 /* CircleButtonView.swift */; };
		BE11FA22292A261F00D9C803 /* CircleButtonAnimationView.swift in Sources */ = {isa = PBXBuildFile; fileRef = BE11FA21292A261F00D9C803 /* CircleButtonAnimationView.swift */; };
		BE277BBD292AF1420071BE54 /* Coin.swift in Sources */ = {isa = PBXBuildFile; fileRef = BE277BBC292AF1420071BE54 /* Coin.swift */; };
/* End PBXBuildFile section */

/* Begin PBXFileReference section */
		BE11FA04292975A700D9C803 /* CryptoApp.app */ = {isa = PBXFileReference; explicitFileType = wrapper.application; includeInIndex = 0; path = CryptoApp.app; sourceTree = BUILT_PRODUCTS_DIR; };
		BE11FA07292975A700D9C803 /* CryptoAppApp.swift */ = {isa = PBXFileReference; lastKnownFileType = sourcecode.swift; path = CryptoAppApp.swift; sourceTree = "<group>"; };
		BE11FA09292975A700D9C803 /* ContentView.swift */ = {isa = PBXFileReference; lastKnownFileType = sourcecode.swift; path = ContentView.swift; sourceTree = "<group>"; };
		BE11FA0B292975B200D9C803 /* Assets.xcassets */ = {isa = PBXFileReference; lastKnownFileType = folder.assetcatalog; path = Assets.xcassets; sourceTree = "<group>"; };
		BE11FA0E292975B200D9C803 /* Preview Assets.xcassets */ = {isa = PBXFileReference; lastKnownFileType = folder.assetcatalog; path = "Preview Assets.xcassets"; sourceTree = "<group>"; };
		BE11FA16292A18D900D9C803 /* Color.swift */ = {isa = PBXFileReference; lastKnownFileType = sourcecode.swift; path = Color.swift; sourceTree = "<group>"; };
		BE11FA1C292A1BEA00D9C803 /* HomeView.swift */ = {isa = PBXFileReference; lastKnownFileType = sourcecode.swift; path = HomeView.swift; sourceTree = "<group>"; };
		BE11FA1F292A1D5200D9C803 /* CircleButtonView.swift */ = {isa = PBXFileReference; lastKnownFileType = sourcecode.swift; path = CircleButtonView.swift; sourceTree = "<group>"; };
		BE11FA21292A261F00D9C803 /* CircleButtonAnimationView.swift */ = {isa = PBXFileReference; lastKnownFileType = sourcecode.swift; path = CircleButtonAnimationView.swift; sourceTree = "<group>"; };
		BE277BBC292AF1420071BE54 /* Coin.swift */ = {isa = PBXFileReference; lastKnownFileType = sourcecode.swift; path = Coin.swift; sourceTree = "<group>"; };
/* End PBXFileReference section */

/* Begin PBXFrameworksBuildPhase section */
		BE11FA01292975A700D9C803 /* Frameworks */ = {
			isa = PBXFrameworksBuildPhase;
			buildActionMask = 2147483647;
			files = (
			);
			runOnlyForDeploymentPostprocessing = 0;
		};
/* End PBXFrameworksBuildPhase section */

/* Begin PBXGroup section */
		BE11F9FB292975A600D9C803 = {
			isa = PBXGroup;
			children = (
				BE11FA06292975A700D9C803 /* CryptoApp */,
				BE11FA05292975A700D9C803 /* Products */,
			);
			sourceTree = "<group>";
		};
		BE11FA05292975A700D9C803 /* Products */ = {
			isa = PBXGroup;
			children = (
				BE11FA04292975A700D9C803 /* CryptoApp.app */,
			);
			name = Products;
			sourceTree = "<group>";
		};
		BE11FA06292975A700D9C803 /* CryptoApp */ = {
			isa = PBXGroup;
			children = (
				BE277BBB292AF1240071BE54 /* Models */,
				BE11FA15292A18C500D9C803 /* Extensions */,
				BE11FA18292A1BA100D9C803 /* Core */,
				BE11FA07292975A700D9C803 /* CryptoAppApp.swift */,
				BE11FA09292975A700D9C803 /* ContentView.swift */,
				BE11FA0B292975B200D9C803 /* Assets.xcassets */,
				BE11FA0D292975B200D9C803 /* Preview Content */,
			);
			path = CryptoApp;
			sourceTree = "<group>";
		};
		BE11FA0D292975B200D9C803 /* Preview Content */ = {
			isa = PBXGroup;
			children = (
				BE11FA0E292975B200D9C803 /* Preview Assets.xcassets */,
			);
			path = "Preview Content";
			sourceTree = "<group>";
		};
		BE11FA15292A18C500D9C803 /* Extensions */ = {
			isa = PBXGroup;
			children = (
				BE11FA16292A18D900D9C803 /* Color.swift */,
			);
			path = Extensions;
			sourceTree = "<group>";
		};
		BE11FA18292A1BA100D9C803 /* Core */ = {
			isa = PBXGroup;
			children = (
				BE11FA1E292A1D3900D9C803 /* Components */,
				BE11FA19292A1BB200D9C803 /* Home */,
			);
			path = Core;
			sourceTree = "<group>";
		};
		BE11FA19292A1BB200D9C803 /* Home */ = {
			isa = PBXGroup;
			children = (
				BE11FA1A292A1BBE00D9C803 /* Views */,
				BE11FA1B292A1BC800D9C803 /* ViewModels */,
			);
			path = Home;
			sourceTree = "<group>";
		};
		BE11FA1A292A1BBE00D9C803 /* Views */ = {
			isa = PBXGroup;
			children = (
				BE11FA1C292A1BEA00D9C803 /* HomeView.swift */,
			);
			path = Views;
			sourceTree = "<group>";
		};
		BE11FA1B292A1BC800D9C803 /* ViewModels */ = {
			isa = PBXGroup;
			children = (
			);
			path = ViewModels;
			sourceTree = "<group>";
		};
		BE11FA1E292A1D3900D9C803 /* Components */ = {
			isa = PBXGroup;
			children = (
				BE11FA1F292A1D5200D9C803 /* CircleButtonView.swift */,
				BE11FA21292A261F00D9C803 /* CircleButtonAnimationView.swift */,
			);
			path = Components;
			sourceTree = "<group>";
		};
		BE277BBB292AF1240071BE54 /* Models */ = {
			isa = PBXGroup;
			children = (
				BE277BBC292AF1420071BE54 /* Coin.swift */,
			);
			path = Models;
			sourceTree = "<group>";
		};
/* End PBXGroup section */

/* Begin PBXNativeTarget section */
		BE11FA03292975A700D9C803 /* CryptoApp */ = {
			isa = PBXNativeTarget;
			buildConfigurationList = BE11FA12292975B200D9C803 /* Build configuration list for PBXNativeTarget "CryptoApp" */;
			buildPhases = (
				BE11FA00292975A700D9C803 /* Sources */,
				BE11FA01292975A700D9C803 /* Frameworks */,
				BE11FA02292975A700D9C803 /* Resources */,
			);
			buildRules = (
			);
			dependencies = (
			);
			name = CryptoApp;
			productName = CryptoApp;
			productReference = BE11FA04292975A700D9C803 /* CryptoApp.app */;
			productType = "com.apple.product-type.application";
		};
/* End PBXNativeTarget section */

/* Begin PBXProject section */
		BE11F9FC292975A600D9C803 /* Project object */ = {
			isa = PBXProject;
			attributes = {
				BuildIndependentTargetsInParallel = 1;
				LastSwiftUpdateCheck = 1400;
				LastUpgradeCheck = 1400;
				TargetAttributes = {
					BE11FA03292975A700D9C803 = {
						CreatedOnToolsVersion = 14.0.1;
					};
				};
			};
			buildConfigurationList = BE11F9FF292975A600D9C803 /* Build configuration list for PBXProject "CryptoApp" */;
			compatibilityVersion = "Xcode 14.0";
			developmentRegion = en;
			hasScannedForEncodings = 0;
			knownRegions = (
				en,
				Base,
			);
			mainGroup = BE11F9FB292975A600D9C803;
			productRefGroup = BE11FA05292975A700D9C803 /* Products */;
			projectDirPath = "";
			projectRoot = "";
			targets = (
				BE11FA03292975A700D9C803 /* CryptoApp */,
			);
		};
/* End PBXProject section */

/* Begin PBXResourcesBuildPhase section */
		BE11FA02292975A700D9C803 /* Resources */ = {
			isa = PBXResourcesBuildPhase;
			buildActionMask = 2147483647;
			files = (
				BE11FA0F292975B200D9C803 /* Preview Assets.xcassets in Resources */,
				BE11FA0C292975B200D9C803 /* Assets.xcassets in Resources */,
			);
			runOnlyForDeploymentPostprocessing = 0;
		};
/* End PBXResourcesBuildPhase section */

/* Begin PBXSourcesBuildPhase section */
		BE11FA00292975A700D9C803 /* Sources */ = {
			isa = PBXSourcesBuildPhase;
			buildActionMask = 2147483647;
			files = (
				BE11FA0A292975A700D9C803 /* ContentView.swift in Sources */,
				BE11FA1D292A1BEA00D9C803 /* HomeView.swift in Sources */,
				BE11FA17292A18D900D9C803 /* Color.swift in Sources */,
				BE11FA20292A1D5200D9C803 /* CircleButtonView.swift in Sources */,
				BE11FA08292975A700D9C803 /* CryptoAppApp.swift in Sources */,
				BE11FA22292A261F00D9C803 /* CircleButtonAnimationView.swift in Sources */,
				BE277BBD292AF1420071BE54 /* Coin.swift in Sources */,
			);
			runOnlyForDeploymentPostprocessing = 0;
		};
/* End PBXSourcesBuildPhase section */

/* Begin XCBuildConfiguration section */
		BE11FA10292975B200D9C803 /* Debug */ = {
			isa = XCBuildConfiguration;
			buildSettings = {
				ALWAYS_SEARCH_USER_PATHS = NO;
				CLANG_ANALYZER_NONNULL = YES;
				CLANG_ANALYZER_NUMBER_OBJECT_CONVERSION = YES_AGGRESSIVE;
				CLANG_CXX_LANGUAGE_STANDARD = "gnu++20";
				CLANG_ENABLE_MODULES = YES;
				CLANG_ENABLE_OBJC_ARC = YES;
				CLANG_ENABLE_OBJC_WEAK = YES;
				CLANG_WARN_BLOCK_CAPTURE_AUTORELEASING = YES;
				CLANG_WARN_BOOL_CONVERSION = YES;
				CLANG_WARN_COMMA = YES;
				CLANG_WARN_CONSTANT_CONVERSION = YES;
				CLANG_WARN_DEPRECATED_OBJC_IMPLEMENTATIONS = YES;
				CLANG_WARN_DIRECT_OBJC_ISA_USAGE = YES_ERROR;
				CLANG_WARN_DOCUMENTATION_COMMENTS = YES;
				CLANG_WARN_EMPTY_BODY = YES;
				CLANG_WARN_ENUM_CONVERSION = YES;
				CLANG_WARN_INFINITE_RECURSION = YES;
				CLANG_WARN_INT_CONVERSION = YES;
				CLANG_WARN_NON_LITERAL_NULL_CONVERSION = YES;
				CLANG_WARN_OBJC_IMPLICIT_RETAIN_SELF = YES;
				CLANG_WARN_OBJC_LITERAL_CONVERSION = YES;
				CLANG_WARN_OBJC_ROOT_CLASS = YES_ERROR;
				CLANG_WARN_QUOTED_INCLUDE_IN_FRAMEWORK_HEADER = YES;
				CLANG_WARN_RANGE_LOOP_ANALYSIS = YES;
				CLANG_WARN_STRICT_PROTOTYPES = YES;
				CLANG_WARN_SUSPICIOUS_MOVE = YES;
				CLANG_WARN_UNGUARDED_AVAILABILITY = YES_AGGRESSIVE;
				CLANG_WARN_UNREACHABLE_CODE = YES;
				CLANG_WARN__DUPLICATE_METHOD_MATCH = YES;
				COPY_PHASE_STRIP = NO;
				DEBUG_INFORMATION_FORMAT = dwarf;
				ENABLE_STRICT_OBJC_MSGSEND = YES;
				ENABLE_TESTABILITY = YES;
				GCC_C_LANGUAGE_STANDARD = gnu11;
				GCC_DYNAMIC_NO_PIC = NO;
				GCC_NO_COMMON_BLOCKS = YES;
				GCC_OPTIMIZATION_LEVEL = 0;
				GCC_PREPROCESSOR_DEFINITIONS = (
					"DEBUG=1",
					"$(inherited)",
				);
				GCC_WARN_64_TO_32_BIT_CONVERSION = YES;
				GCC_WARN_ABOUT_RETURN_TYPE = YES_ERROR;
				GCC_WARN_UNDECLARED_SELECTOR = YES;
				GCC_WARN_UNINITIALIZED_AUTOS = YES_AGGRESSIVE;
				GCC_WARN_UNUSED_FUNCTION = YES;
				GCC_WARN_UNUSED_VARIABLE = YES;
				IPHONEOS_DEPLOYMENT_TARGET = 16.0;
				MTL_ENABLE_DEBUG_INFO = INCLUDE_SOURCE;
				MTL_FAST_MATH = YES;
				ONLY_ACTIVE_ARCH = YES;
				SDKROOT = iphoneos;
				SWIFT_ACTIVE_COMPILATION_CONDITIONS = DEBUG;
				SWIFT_OPTIMIZATION_LEVEL = "-Onone";
			};
			name = Debug;
		};
		BE11FA11292975B200D9C803 /* Release */ = {
			isa = XCBuildConfiguration;
			buildSettings = {
				ALWAYS_SEARCH_USER_PATHS = NO;
				CLANG_ANALYZER_NONNULL = YES;
				CLANG_ANALYZER_NUMBER_OBJECT_CONVERSION = YES_AGGRESSIVE;
				CLANG_CXX_LANGUAGE_STANDARD = "gnu++20";
				CLANG_ENABLE_MODULES = YES;
				CLANG_ENABLE_OBJC_ARC = YES;
				CLANG_ENABLE_OBJC_WEAK = YES;
				CLANG_WARN_BLOCK_CAPTURE_AUTORELEASING = YES;
				CLANG_WARN_BOOL_CONVERSION = YES;
				CLANG_WARN_COMMA = YES;
				CLANG_WARN_CONSTANT_CONVERSION = YES;
				CLANG_WARN_DEPRECATED_OBJC_IMPLEMENTATIONS = YES;
				CLANG_WARN_DIRECT_OBJC_ISA_USAGE = YES_ERROR;
				CLANG_WARN_DOCUMENTATION_COMMENTS = YES;
				CLANG_WARN_EMPTY_BODY = YES;
				CLANG_WARN_ENUM_CONVERSION = YES;
				CLANG_WARN_INFINITE_RECURSION = YES;
				CLANG_WARN_INT_CONVERSION = YES;
				CLANG_WARN_NON_LITERAL_NULL_CONVERSION = YES;
				CLANG_WARN_OBJC_IMPLICIT_RETAIN_SELF = YES;
				CLANG_WARN_OBJC_LITERAL_CONVERSION = YES;
				CLANG_WARN_OBJC_ROOT_CLASS = YES_ERROR;
				CLANG_WARN_QUOTED_INCLUDE_IN_FRAMEWORK_HEADER = YES;
				CLANG_WARN_RANGE_LOOP_ANALYSIS = YES;
				CLANG_WARN_STRICT_PROTOTYPES = YES;
				CLANG_WARN_SUSPICIOUS_MOVE = YES;
				CLANG_WARN_UNGUARDED_AVAILABILITY = YES_AGGRESSIVE;
				CLANG_WARN_UNREACHABLE_CODE = YES;
				CLANG_WARN__DUPLICATE_METHOD_MATCH = YES;
				COPY_PHASE_STRIP = NO;
				DEBUG_INFORMATION_FORMAT = "dwarf-with-dsym";
				ENABLE_NS_ASSERTIONS = NO;
				ENABLE_STRICT_OBJC_MSGSEND = YES;
				GCC_C_LANGUAGE_STANDARD = gnu11;
				GCC_NO_COMMON_BLOCKS = YES;
				GCC_WARN_64_TO_32_BIT_CONVERSION = YES;
				GCC_WARN_ABOUT_RETURN_TYPE = YES_ERROR;
				GCC_WARN_UNDECLARED_SELECTOR = YES;
				GCC_WARN_UNINITIALIZED_AUTOS = YES_AGGRESSIVE;
				GCC_WARN_UNUSED_FUNCTION = YES;
				GCC_WARN_UNUSED_VARIABLE = YES;
				IPHONEOS_DEPLOYMENT_TARGET = 16.0;
				MTL_ENABLE_DEBUG_INFO = NO;
				MTL_FAST_MATH = YES;
				SDKROOT = iphoneos;
				SWIFT_COMPILATION_MODE = wholemodule;
				SWIFT_OPTIMIZATION_LEVEL = "-O";
				VALIDATE_PRODUCT = YES;
			};
			name = Release;
		};
		BE11FA13292975B200D9C803 /* Debug */ = {
			isa = XCBuildConfiguration;
			buildSettings = {
				ASSETCATALOG_COMPILER_APPICON_NAME = AppIcon;
				ASSETCATALOG_COMPILER_GLOBAL_ACCENT_COLOR_NAME = AccentColor;
				CODE_SIGN_STYLE = Automatic;
				CURRENT_PROJECT_VERSION = 1;
				DEVELOPMENT_ASSET_PATHS = "\"CryptoApp/Preview Content\"";
				DEVELOPMENT_TEAM = XW9T242VLK;
				ENABLE_PREVIEWS = YES;
				GENERATE_INFOPLIST_FILE = YES;
				INFOPLIST_KEY_UIApplicationSceneManifest_Generation = YES;
				INFOPLIST_KEY_UIApplicationSupportsIndirectInputEvents = YES;
				INFOPLIST_KEY_UILaunchScreen_Generation = YES;
				INFOPLIST_KEY_UISupportedInterfaceOrientations_iPad = "UIInterfaceOrientationPortrait UIInterfaceOrientationPortraitUpsideDown UIInterfaceOrientationLandscapeLeft UIInterfaceOrientationLandscapeRight";
				INFOPLIST_KEY_UISupportedInterfaceOrientations_iPhone = "UIInterfaceOrientationPortrait UIInterfaceOrientationLandscapeLeft UIInterfaceOrientationLandscapeRight";
				LD_RUNPATH_SEARCH_PATHS = (
					"$(inherited)",
					"@executable_path/Frameworks",
				);
				MARKETING_VERSION = 1.0;
				PRODUCT_BUNDLE_IDENTIFIER = com.harungunes.CryptoApp;
				PRODUCT_NAME = "$(TARGET_NAME)";
				SWIFT_EMIT_LOC_STRINGS = YES;
				SWIFT_VERSION = 5.0;
				TARGETED_DEVICE_FAMILY = "1,2";
			};
			name = Debug;
		};
		BE11FA14292975B200D9C803 /* Release */ = {
			isa = XCBuildConfiguration;
			buildSettings = {
				ASSETCATALOG_COMPILER_APPICON_NAME = AppIcon;
				ASSETCATALOG_COMPILER_GLOBAL_ACCENT_COLOR_NAME = AccentColor;
				CODE_SIGN_STYLE = Automatic;
				CURRENT_PROJECT_VERSION = 1;
				DEVELOPMENT_ASSET_PATHS = "\"CryptoApp/Preview Content\"";
				DEVELOPMENT_TEAM = XW9T242VLK;
				ENABLE_PREVIEWS = YES;
				GENERATE_INFOPLIST_FILE = YES;
				INFOPLIST_KEY_UIApplicationSceneManifest_Generation = YES;
				INFOPLIST_KEY_UIApplicationSupportsIndirectInputEvents = YES;
				INFOPLIST_KEY_UILaunchScreen_Generation = YES;
				INFOPLIST_KEY_UISupportedInterfaceOrientations_iPad = "UIInterfaceOrientationPortrait UIInterfaceOrientationPortraitUpsideDown UIInterfaceOrientationLandscapeLeft UIInterfaceOrientationLandscapeRight";
				INFOPLIST_KEY_UISupportedInterfaceOrientations_iPhone = "UIInterfaceOrientationPortrait UIInterfaceOrientationLandscapeLeft UIInterfaceOrientationLandscapeRight";
				LD_RUNPATH_SEARCH_PATHS = (
					"$(inherited)",
					"@executable_path/Frameworks",
				);
				MARKETING_VERSION = 1.0;
				PRODUCT_BUNDLE_IDENTIFIER = com.harungunes.CryptoApp;
				PRODUCT_NAME = "$(TARGET_NAME)";
				SWIFT_EMIT_LOC_STRINGS = YES;
				SWIFT_VERSION = 5.0;
				TARGETED_DEVICE_FAMILY = "1,2";
			};
			name = Release;
		};
/* End XCBuildConfiguration section */

/* Begin XCConfigurationList section */
		BE11F9FF292975A600D9C803 /* Build configuration list for PBXProject "CryptoApp" */ = {
			isa = XCConfigurationList;
			buildConfigurations = (
				BE11FA10292975B200D9C803 /* Debug */,
				BE11FA11292975B200D9C803 /* Release */,
			);
			defaultConfigurationIsVisible = 0;
			defaultConfigurationName = Release;
		};
		BE11FA12292975B200D9C803 /* Build configuration list for PBXNativeTarget "CryptoApp" */ = {
			isa = XCConfigurationList;
			buildConfigurations = (
				BE11FA13292975B200D9C803 /* Debug */,
				BE11FA14292975B200D9C803 /* Release */,
			);
			defaultConfigurationIsVisible = 0;
			defaultConfigurationName = Release;
		};
/* End XCConfigurationList section */
	};
	rootObject = BE11F9FC292975A600D9C803 /* Project object */;
}
